
Microsoft Visual Studio Solution File, Format Version 12.00
# Visual Studio Version 17
VisualStudioVersion = 17.8.34004.107
MinimumVisualStudioVersion = 10.0.40219.1
Project("{9A19103F-16F7-4668-BE54-9A1E7A4F7556}") = "Shared", "Shared\Shared.csproj", "{DCF53D27-813A-4C82-A2CA-32ECED63E56E}"
EndProject
Project("{2150E333-8FDC-42A3-9474-1A3956D46DE8}") = "Shared", "Shared", "{1046401E-2EE5-4544-BFD2-2C2D15DF1102}"
EndProject
Project("{2150E333-8FDC-42A3-9474-1A3956D46DE8}") = "Proxy", "Proxy", "{FEBE21BA-C39C-437E-B868-76BF54F38657}"
EndProject
Project("{9A19103F-16F7-4668-BE54-9A1E7A4F7556}") = "Proxy", "Proxy\src\Proxy.csproj", "{72AF9AA1-E066-4B1E-B6B6-7FB7E1EDAD8C}"
EndProject
Project("{2150E333-8FDC-42A3-9474-1A3956D46DE8}") = "src", "src", "{6B2BD26F-6697-4B19-8BC1-504AFDE00A6E}"
EndProject
Project("{2150E333-8FDC-42A3-9474-1A3956D46DE8}") = "Services", "Services", "{BB585D5E-4EEB-4E59-8F84-EA2C07E1252E}"
EndProject
Project("{2150E333-8FDC-42A3-9474-1A3956D46DE8}") = "Identity", "Identity", "{026D306E-F6C0-427F-91A7-B51B457A23F6}"
EndProject
Project("{2150E333-8FDC-42A3-9474-1A3956D46DE8}") = "Property", "Property", "{1BECBF2C-E7F4-47FE-B7D9-5ABA8F4B5638}"
EndProject
Project("{2150E333-8FDC-42A3-9474-1A3956D46DE8}") = "Reservation", "Reservation", "{1488EE88-A0E3-4E83-9E1F-D16DE63E8984}"
EndProject
Project("{2150E333-8FDC-42A3-9474-1A3956D46DE8}") = "User", "User", "{BC4E772C-7920-40F2-A67C-6CEB79DCEC57}"
EndProject
Project("{2150E333-8FDC-42A3-9474-1A3956D46DE8}") = "Search", "Search", "{E9CD1012-91E2-48E5-B7EC-D754CEDCFA6C}"
EndProject
Project("{2150E333-8FDC-42A3-9474-1A3956D46DE8}") = "src", "src", "{00AACAA3-CECB-45A9-A03B-CF95C89246AA}"
EndProject
Project("{2150E333-8FDC-42A3-9474-1A3956D46DE8}") = "src", "src", "{B40A2E14-2F27-4388-BB6F-B4374E7BED6D}"
EndProject
Project("{2150E333-8FDC-42A3-9474-1A3956D46DE8}") = "src", "src", "{E326A697-C921-48BA-BB2C-27A69E233E0E}"
EndProject
Project("{2150E333-8FDC-42A3-9474-1A3956D46DE8}") = "src", "src", "{3EEF9485-7328-4D23-A868-09FB31713021}"
EndProject
Project("{2150E333-8FDC-42A3-9474-1A3956D46DE8}") = "src", "src", "{2796747A-E5D3-4AD8-9F45-DB8BD4BB21F0}"
EndProject
Project("{2150E333-8FDC-42A3-9474-1A3956D46DE8}") = "tests", "tests", "{8B5FE80A-17E0-4397-843C-25EF785E612C}"
EndProject
Project("{2150E333-8FDC-42A3-9474-1A3956D46DE8}") = "tests", "tests", "{2D71A36B-D10E-44E9-B2C7-FF28D5B60E4F}"
EndProject
Project("{2150E333-8FDC-42A3-9474-1A3956D46DE8}") = "tests", "tests", "{D229A5BE-0D1C-42EF-899F-693729DE1FD8}"
EndProject
Project("{2150E333-8FDC-42A3-9474-1A3956D46DE8}") = "tests", "tests", "{E8A3A968-E8A8-4892-8B0A-602061648BEC}"
EndProject
Project("{2150E333-8FDC-42A3-9474-1A3956D46DE8}") = "tests", "tests", "{3C16D608-C196-474C-8A3E-352E49D0FF2B}"
EndProject
Project("{FAE04EC0-301F-11D3-BF4B-00C04F79EFBC}") = "Identity", "Services\Identity\src\Identity\Identity.csproj", "{4E1C7DFF-B0E1-414B-8E2A-2189338A338D}"
EndProject
Project("{FAE04EC0-301F-11D3-BF4B-00C04F79EFBC}") = "Identity.API", "Services\Identity\src\Identity.API\Identity.API.csproj", "{8B732945-2FDF-49D4-9692-B1E767D18A50}"
EndProject
Project("{FAE04EC0-301F-11D3-BF4B-00C04F79EFBC}") = "Property", "Services\Property\src\Property\Property.csproj", "{73963FAA-3906-4273-BE55-97B2DE78A22E}"
EndProject
Project("{FAE04EC0-301F-11D3-BF4B-00C04F79EFBC}") = "Property.API", "Services\Property\src\Property.API\Property.API.csproj", "{323A2C52-2CE7-4922-B8ED-AC8472D83E60}"
EndProject
Project("{FAE04EC0-301F-11D3-BF4B-00C04F79EFBC}") = "Reservation", "Services\Reservation\src\Reservation\Reservation.csproj", "{DADD51FB-9ECD-46C4-A8E4-2A81D7A3E819}"
EndProject
Project("{FAE04EC0-301F-11D3-BF4B-00C04F79EFBC}") = "Reservation.API", "Services\Reservation\src\Reservation.API\Reservation.API.csproj", "{4A190F08-92B7-4B40-9318-8EB5CD21FD39}"
EndProject
Project("{FAE04EC0-301F-11D3-BF4B-00C04F79EFBC}") = "User", "Services\User\src\User\User.csproj", "{CCCBFB1F-99CC-4E74-88CF-17D2D8B5EB9E}"
EndProject
Project("{FAE04EC0-301F-11D3-BF4B-00C04F79EFBC}") = "User.API", "Services\User\src\User.API\User.API.csproj", "{45C8708D-7A41-43C3-AACA-589C592B463B}"
EndProject
Global
	GlobalSection(SolutionConfigurationPlatforms) = preSolution
		Debug|Any CPU = Debug|Any CPU
		Release|Any CPU = Release|Any CPU
	EndGlobalSection
	GlobalSection(ProjectConfigurationPlatforms) = postSolution
		{DCF53D27-813A-4C82-A2CA-32ECED63E56E}.Debug|Any CPU.ActiveCfg = Debug|Any CPU
		{DCF53D27-813A-4C82-A2CA-32ECED63E56E}.Debug|Any CPU.Build.0 = Debug|Any CPU
		{DCF53D27-813A-4C82-A2CA-32ECED63E56E}.Release|Any CPU.ActiveCfg = Release|Any CPU
		{DCF53D27-813A-4C82-A2CA-32ECED63E56E}.Release|Any CPU.Build.0 = Release|Any CPU
		{72AF9AA1-E066-4B1E-B6B6-7FB7E1EDAD8C}.Debug|Any CPU.ActiveCfg = Debug|Any CPU
		{72AF9AA1-E066-4B1E-B6B6-7FB7E1EDAD8C}.Debug|Any CPU.Build.0 = Debug|Any CPU
		{72AF9AA1-E066-4B1E-B6B6-7FB7E1EDAD8C}.Release|Any CPU.ActiveCfg = Release|Any CPU
		{72AF9AA1-E066-4B1E-B6B6-7FB7E1EDAD8C}.Release|Any CPU.Build.0 = Release|Any CPU
		{4E1C7DFF-B0E1-414B-8E2A-2189338A338D}.Debug|Any CPU.ActiveCfg = Debug|Any CPU
		{4E1C7DFF-B0E1-414B-8E2A-2189338A338D}.Debug|Any CPU.Build.0 = Debug|Any CPU
		{4E1C7DFF-B0E1-414B-8E2A-2189338A338D}.Release|Any CPU.ActiveCfg = Release|Any CPU
		{4E1C7DFF-B0E1-414B-8E2A-2189338A338D}.Release|Any CPU.Build.0 = Release|Any CPU
		{8B732945-2FDF-49D4-9692-B1E767D18A50}.Debug|Any CPU.ActiveCfg = Debug|Any CPU
		{8B732945-2FDF-49D4-9692-B1E767D18A50}.Debug|Any CPU.Build.0 = Debug|Any CPU
		{8B732945-2FDF-49D4-9692-B1E767D18A50}.Release|Any CPU.ActiveCfg = Release|Any CPU
		{8B732945-2FDF-49D4-9692-B1E767D18A50}.Release|Any CPU.Build.0 = Release|Any CPU
		{73963FAA-3906-4273-BE55-97B2DE78A22E}.Debug|Any CPU.ActiveCfg = Debug|Any CPU
		{73963FAA-3906-4273-BE55-97B2DE78A22E}.Debug|Any CPU.Build.0 = Debug|Any CPU
		{73963FAA-3906-4273-BE55-97B2DE78A22E}.Release|Any CPU.ActiveCfg = Release|Any CPU
		{73963FAA-3906-4273-BE55-97B2DE78A22E}.Release|Any CPU.Build.0 = Release|Any CPU
		{323A2C52-2CE7-4922-B8ED-AC8472D83E60}.Debug|Any CPU.ActiveCfg = Debug|Any CPU
		{323A2C52-2CE7-4922-B8ED-AC8472D83E60}.Debug|Any CPU.Build.0 = Debug|Any CPU
		{323A2C52-2CE7-4922-B8ED-AC8472D83E60}.Release|Any CPU.ActiveCfg = Release|Any CPU
		{323A2C52-2CE7-4922-B8ED-AC8472D83E60}.Release|Any CPU.Build.0 = Release|Any CPU
		{DADD51FB-9ECD-46C4-A8E4-2A81D7A3E819}.Debug|Any CPU.ActiveCfg = Debug|Any CPU
		{DADD51FB-9ECD-46C4-A8E4-2A81D7A3E819}.Debug|Any CPU.Build.0 = Debug|Any CPU
		{DADD51FB-9ECD-46C4-A8E4-2A81D7A3E819}.Release|Any CPU.ActiveCfg = Release|Any CPU
		{DADD51FB-9ECD-46C4-A8E4-2A81D7A3E819}.Release|Any CPU.Build.0 = Release|Any CPU
		{4A190F08-92B7-4B40-9318-8EB5CD21FD39}.Debug|Any CPU.ActiveCfg = Debug|Any CPU
		{4A190F08-92B7-4B40-9318-8EB5CD21FD39}.Debug|Any CPU.Build.0 = Debug|Any CPU
		{4A190F08-92B7-4B40-9318-8EB5CD21FD39}.Release|Any CPU.ActiveCfg = Release|Any CPU
		{4A190F08-92B7-4B40-9318-8EB5CD21FD39}.Release|Any CPU.Build.0 = Release|Any CPU
		{CCCBFB1F-99CC-4E74-88CF-17D2D8B5EB9E}.Debug|Any CPU.ActiveCfg = Debug|Any CPU
		{CCCBFB1F-99CC-4E74-88CF-17D2D8B5EB9E}.Debug|Any CPU.Build.0 = Debug|Any CPU
		{CCCBFB1F-99CC-4E74-88CF-17D2D8B5EB9E}.Release|Any CPU.ActiveCfg = Release|Any CPU
		{CCCBFB1F-99CC-4E74-88CF-17D2D8B5EB9E}.Release|Any CPU.Build.0 = Release|Any CPU
		{45C8708D-7A41-43C3-AACA-589C592B463B}.Debug|Any CPU.ActiveCfg = Debug|Any CPU
		{45C8708D-7A41-43C3-AACA-589C592B463B}.Debug|Any CPU.Build.0 = Debug|Any CPU
		{45C8708D-7A41-43C3-AACA-589C592B463B}.Release|Any CPU.ActiveCfg = Release|Any CPU
		{45C8708D-7A41-43C3-AACA-589C592B463B}.Release|Any CPU.Build.0 = Release|Any CPU
	EndGlobalSection
	GlobalSection(SolutionProperties) = preSolution
		HideSolutionNode = FALSE
	EndGlobalSection
	GlobalSection(NestedProjects) = preSolution
		{DCF53D27-813A-4C82-A2CA-32ECED63E56E} = {1046401E-2EE5-4544-BFD2-2C2D15DF1102}
		{72AF9AA1-E066-4B1E-B6B6-7FB7E1EDAD8C} = {6B2BD26F-6697-4B19-8BC1-504AFDE00A6E}
		{6B2BD26F-6697-4B19-8BC1-504AFDE00A6E} = {FEBE21BA-C39C-437E-B868-76BF54F38657}
		{026D306E-F6C0-427F-91A7-B51B457A23F6} = {BB585D5E-4EEB-4E59-8F84-EA2C07E1252E}
		{1BECBF2C-E7F4-47FE-B7D9-5ABA8F4B5638} = {BB585D5E-4EEB-4E59-8F84-EA2C07E1252E}
		{1488EE88-A0E3-4E83-9E1F-D16DE63E8984} = {BB585D5E-4EEB-4E59-8F84-EA2C07E1252E}
		{BC4E772C-7920-40F2-A67C-6CEB79DCEC57} = {BB585D5E-4EEB-4E59-8F84-EA2C07E1252E}
		{E9CD1012-91E2-48E5-B7EC-D754CEDCFA6C} = {BB585D5E-4EEB-4E59-8F84-EA2C07E1252E}
		{00AACAA3-CECB-45A9-A03B-CF95C89246AA} = {026D306E-F6C0-427F-91A7-B51B457A23F6}
		{B40A2E14-2F27-4388-BB6F-B4374E7BED6D} = {1BECBF2C-E7F4-47FE-B7D9-5ABA8F4B5638}
		{E326A697-C921-48BA-BB2C-27A69E233E0E} = {1488EE88-A0E3-4E83-9E1F-D16DE63E8984}
		{3EEF9485-7328-4D23-A868-09FB31713021} = {E9CD1012-91E2-48E5-B7EC-D754CEDCFA6C}
		{2796747A-E5D3-4AD8-9F45-DB8BD4BB21F0} = {BC4E772C-7920-40F2-A67C-6CEB79DCEC57}
		{8B5FE80A-17E0-4397-843C-25EF785E612C} = {026D306E-F6C0-427F-91A7-B51B457A23F6}
		{2D71A36B-D10E-44E9-B2C7-FF28D5B60E4F} = {1BECBF2C-E7F4-47FE-B7D9-5ABA8F4B5638}
		{D229A5BE-0D1C-42EF-899F-693729DE1FD8} = {1488EE88-A0E3-4E83-9E1F-D16DE63E8984}
		{E8A3A968-E8A8-4892-8B0A-602061648BEC} = {E9CD1012-91E2-48E5-B7EC-D754CEDCFA6C}
		{3C16D608-C196-474C-8A3E-352E49D0FF2B} = {BC4E772C-7920-40F2-A67C-6CEB79DCEC57}
		{4E1C7DFF-B0E1-414B-8E2A-2189338A338D} = {00AACAA3-CECB-45A9-A03B-CF95C89246AA}
		{8B732945-2FDF-49D4-9692-B1E767D18A50} = {00AACAA3-CECB-45A9-A03B-CF95C89246AA}
		{73963FAA-3906-4273-BE55-97B2DE78A22E} = {B40A2E14-2F27-4388-BB6F-B4374E7BED6D}
		{323A2C52-2CE7-4922-B8ED-AC8472D83E60} = {B40A2E14-2F27-4388-BB6F-B4374E7BED6D}
		{DADD51FB-9ECD-46C4-A8E4-2A81D7A3E819} = {E326A697-C921-48BA-BB2C-27A69E233E0E}
		{4A190F08-92B7-4B40-9318-8EB5CD21FD39} = {E326A697-C921-48BA-BB2C-27A69E233E0E}
		{CCCBFB1F-99CC-4E74-88CF-17D2D8B5EB9E} = {2796747A-E5D3-4AD8-9F45-DB8BD4BB21F0}
		{45C8708D-7A41-43C3-AACA-589C592B463B} = {2796747A-E5D3-4AD8-9F45-DB8BD4BB21F0}
	EndGlobalSection
	GlobalSection(ExtensibilityGlobals) = postSolution
		SolutionGuid = {BD179710-DD41-45E4-8CA5-614898ED45C9}
	EndGlobalSection
EndGlobal
