{
  "version": 2,
  "dependencies": {
    "net8.0": {
      "Microsoft.IdentityModel.Abstractions": {
        "type": "Transitive",
        "resolved": "7.0.3",
        "contentHash": "cfPUWdjigLIRIJSKz3uaZxShgf86RVDXHC1VEEchj1gnY25akwPYpbrfSoIGDCqA9UmOMdlctq411+2pAViFow=="
      },
      "Microsoft.IdentityModel.JsonWebTokens": {
        "type": "Transitive",
        "resolved": "7.0.3",
        "contentHash": "vxjHVZbMKD3rVdbvKhzAW+7UiFrYToUVm3AGmYfKSOAwyhdLl/ELX1KZr+FaLyyS5VReIzWRWJfbOuHM9i6ywg==",
        "dependencies": {
          "Microsoft.IdentityModel.Tokens": "7.0.3"
        }
      },
      "Microsoft.IdentityModel.Logging": {
        "type": "Transitive",
        "resolved": "7.0.3",
        "contentHash": "b6GbGO+2LOTBEccHhqoJsOsmemG4A/MY+8H0wK/ewRhiG+DCYwEnucog1cSArPIY55zcn+XdZl0YEiUHkpDISQ==",
        "dependencies": {
          "Microsoft.IdentityModel.Abstractions": "7.0.3"
        }
      },
      "Microsoft.IdentityModel.Protocols": {
        "type": "Transitive",
        "resolved": "7.0.3",
        "contentHash": "BtwR+tctBYhPNygyZmt1Rnw74GFrJteW+1zcdIgyvBCjkek6cNwPPqRfdhzCv61i+lwyNomRi8+iI4QKd4YCKA==",
        "dependencies": {
          "Microsoft.IdentityModel.Logging": "7.0.3",
          "Microsoft.IdentityModel.Tokens": "7.0.3"
        }
      },
      "Microsoft.IdentityModel.Protocols.OpenIdConnect": {
        "type": "Transitive",
        "resolved": "7.0.3",
        "contentHash": "W97TraHApDNArLwpPcXfD+FZH7njJsfEwZE9y9BoofeXMS8H0LBBobz0VOmYmMK4mLdOKxzN7SFT3Ekg0FWI3Q==",
        "dependencies": {
          "Microsoft.IdentityModel.Protocols": "7.0.3",
          "System.IdentityModel.Tokens.Jwt": "7.0.3"
        }
      },
      "Microsoft.OpenApi": {
        "type": "Transitive",
        "resolved": "1.2.3",
        "contentHash": "Nug3rO+7Kl5/SBAadzSMAVgqDlfGjJZ0GenQrLywJ84XGKO0uRqkunz5Wyl0SDwcR71bAATXvSdbdzPrYRYKGw=="
      },
      "System.IdentityModel.Tokens.Jwt": {
        "type": "Transitive",
        "resolved": "7.0.3",
        "contentHash": "caEe+OpQNYNiyZb+DJpUVROXoVySWBahko2ooNfUcllxa9ZQUM8CgM/mDjP6AoFn6cQU9xMmG+jivXWub8cbGg==",
        "dependencies": {
          "Microsoft.IdentityModel.JsonWebTokens": "7.0.3",
          "Microsoft.IdentityModel.Tokens": "7.0.3"
        }
      },
      "shared": {
        "type": "Project",
        "dependencies": {
          "Microsoft.AspNetCore.Authentication.JwtBearer": "[8.0.0, )",
          "Microsoft.Extensions.DependencyInjection.Abstractions": "[8.0.0, )",
          "Microsoft.IdentityModel.Tokens": "[7.0.3, )",
          "Swashbuckle.AspNetCore.SwaggerGen": "[6.5.0, )"
        }
      },
      "Microsoft.AspNetCore.Authentication.JwtBearer": {
        "type": "CentralTransitive",
        "requested": "[8.0.0, )",
        "resolved": "8.0.0",
        "contentHash": "rwxaZYHips5M9vqxRkGfJthTx+Ws4O4yCuefn17J371jL3ouC5Ker43h2hXb5yd9BMnImE9rznT75KJHm6bMgg==",
        "dependencies": {
          "Microsoft.IdentityModel.Protocols.OpenIdConnect": "7.0.3"
        }
      },
      "Microsoft.Extensions.DependencyInjection.Abstractions": {
        "type": "CentralTransitive",
        "requested": "[8.0.0, )",
        "resolved": "8.0.0",
        "contentHash": "cjWrLkJXK0rs4zofsK4bSdg+jhDLTaxrkXu4gS6Y7MAlCvRyNNgwY/lJi5RDlQOnSZweHqoyvgvbdvQsRIW+hg=="
      },
      "Microsoft.IdentityModel.Tokens": {
        "type": "CentralTransitive",
        "requested": "[7.0.3, )",
        "resolved": "7.0.3",
        "contentHash": "wB+LlbDjhnJ98DULjmFepqf9eEMh/sDs6S6hFh68iNRHmwollwhxk+nbSSfpA5+j+FbRyNskoaY4JsY1iCOKCg==",
        "dependencies": {
          "Microsoft.IdentityModel.Logging": "7.0.3"
        }
      },
      "Swashbuckle.AspNetCore.Swagger": {
        "type": "CentralTransitive",
        "requested": "[6.5.0, )",
        "resolved": "6.5.0",
        "contentHash": "XWmCmqyFmoItXKFsQSwQbEAsjDKcxlNf1l+/Ki42hcb6LjKL8m5Db69OTvz5vLonMSRntYO1XLqz0OP+n3vKnA==",
        "dependencies": {
          "Microsoft.OpenApi": "1.2.3"
        }
      },
      "Swashbuckle.AspNetCore.SwaggerGen": {
        "type": "CentralTransitive",
        "requested": "[6.5.0, )",
        "resolved": "6.5.0",
        "contentHash": "Y/qW8Qdg9OEs7V013tt+94OdPxbRdbhcEbw4NiwGvf4YBcfhL/y7qp/Mjv/cENsQ2L3NqJ2AOu94weBy/h4KvA==",
        "dependencies": {
          "Swashbuckle.AspNetCore.Swagger": "6.5.0"
        }
      }
    }
  }
}